Microsoft Visual Studio Solution File, Format Version 12.00
# Visual Studio Version 17
VisualStudioVersion = 17.5.2.0
MinimumVisualStudioVersion = 10.0.40219.1
Project("{FAE04EC0-301F-11D3-BF4B-00C04F79EFBC}") = "CLIMB-BE", "CLIMB_BE\CLIMB-BE.csproj", "{774AE1B8-D1C4-18F8-FC2B-C681C3191B4F}"
EndProject
Global
	GlobalSection(SolutionConfigurationPlatforms) = preSolution
		Debug|Any CPU = Debug|Any CPU
		Release|Any CPU = Release|Any CPU
	EndGlobalSection
	GlobalSection(ProjectConfigurationPlatforms) = postSolution
		{774AE1B8-D1C4-18F8-FC2B-C681C3191B4F}.Debug|Any CPU.ActiveCfg = Debug|Any CPU
		{774AE1B8-D1C4-18F8-FC2B-C681C3191B4F}.Debug|Any CPU.Build.0 = Debug|Any CPU
		{774AE1B8-D1C4-18F8-FC2B-C681C3191B4F}.Release|Any CPU.ActiveCfg = Release|Any CPU
		{774AE1B8-D1C4-18F8-FC2B-C681C3191B4F}.Release|Any CPU.Build.0 = Release|Any CPU
	EndGlobalSection
	GlobalSection(SolutionProperties) = preSolution
		HideSolutionNode = FALSE
	EndGlobalSection
	GlobalSection(ExtensibilityGlobals) = postSolution
		SolutionGuid = {70E486D4-6F02-4023-9D95-33976D1B9685}
	EndGlobalSection
EndGlobal
